
Microsoft Visual Studio Solution File, Format Version 12.00
# Visual Studio 15
Project("{FAE04EC0-301F-11D3-BF4B-00C04F79EFBC}") = "Assembly-CSharp", "Assembly-CSharp.csproj", "{53368042-A5D6-6BBE-8192-5D1F749D510A}"
EndProject
Project("{FAE04EC0-301F-11D3-BF4B-00C04F79EFBC}") = "Assembly-CSharp-firstpass", "Assembly-CSharp-firstpass.csproj", "{8015CF6D-CB61-1D7D-14E0-5692801499B6}"
EndProject
Project("{FAE04EC0-301F-11D3-BF4B-00C04F79EFBC}") = "Assembly-CSharp-Editor-firstpass", "Assembly-CSharp-Editor-firstpass.csproj", "{5E1FC1A8-B7C4-B9F5-5761-F54F7B818392}"
EndProject
Project("{FAE04EC0-301F-11D3-BF4B-00C04F79EFBC}") = "Assembly-CSharp-Editor", "Assembly-CSharp-Editor.csproj", "{5ADBCE5A-6256-5CFF-69DE-3CC57BE38BF9}"
EndProject
Global
	GlobalSection(SolutionConfigurationPlatforms) = preSolution
		Debug|Any CPU = Debug|Any CPU
		Release|Any CPU = Release|Any CPU
	EndGlobalSection
	GlobalSection(ProjectConfigurationPlatforms) = postSolution
		{53368042-A5D6-6BBE-8192-5D1F749D510A}.Debug|Any CPU.ActiveCfg = Debug|Any CPU
		{53368042-A5D6-6BBE-8192-5D1F749D510A}.Debug|Any CPU.Build.0 = Debug|Any CPU
		{53368042-A5D6-6BBE-8192-5D1F749D510A}.Release|Any CPU.ActiveCfg = Release|Any CPU
		{53368042-A5D6-6BBE-8192-5D1F749D510A}.Release|Any CPU.Build.0 = Release|Any CPU
		{8015CF6D-CB61-1D7D-14E0-5692801499B6}.Debug|Any CPU.ActiveCfg = Debug|Any CPU
		{8015CF6D-CB61-1D7D-14E0-5692801499B6}.Debug|Any CPU.Build.0 = Debug|Any CPU
		{8015CF6D-CB61-1D7D-14E0-5692801499B6}.Release|Any CPU.ActiveCfg = Release|Any CPU
		{8015CF6D-CB61-1D7D-14E0-5692801499B6}.Release|Any CPU.Build.0 = Release|Any CPU
		{5E1FC1A8-B7C4-B9F5-5761-F54F7B818392}.Debug|Any CPU.ActiveCfg = Debug|Any CPU
		{5E1FC1A8-B7C4-B9F5-5761-F54F7B818392}.Debug|Any CPU.Build.0 = Debug|Any CPU
		{5E1FC1A8-B7C4-B9F5-5761-F54F7B818392}.Release|Any CPU.ActiveCfg = Release|Any CPU
		{5E1FC1A8-B7C4-B9F5-5761-F54F7B818392}.Release|Any CPU.Build.0 = Release|Any CPU
		{5ADBCE5A-6256-5CFF-69DE-3CC57BE38BF9}.Debug|Any CPU.ActiveCfg = Debug|Any CPU
		{5ADBCE5A-6256-5CFF-69DE-3CC57BE38BF9}.Debug|Any CPU.Build.0 = Debug|Any CPU
		{5ADBCE5A-6256-5CFF-69DE-3CC57BE38BF9}.Release|Any CPU.ActiveCfg = Release|Any CPU
		{5ADBCE5A-6256-5CFF-69DE-3CC57BE38BF9}.Release|Any CPU.Build.0 = Release|Any CPU
	EndGlobalSection
	GlobalSection(SolutionProperties) = preSolution
		HideSolutionNode = FALSE
	EndGlobalSection
EndGlobal
